
Microsoft Visual Studio Solution File, Format Version 12.00
# Visual Studio 2013
VisualStudioVersion = 12.0.40629.0
MinimumVisualStudioVersion = 10.0.40219.1
Project("{FAE04EC0-301F-11D3-BF4B-00C04F79EFBC}") = "Contacts-App (ASP.NET MVC , Angular)", "Contacts-App (ASP.NET MVC , Angular)\Contacts-App (ASP.NET MVC , Angular).csproj", "{4DD0A9DE-A6CA-4142-827F-5963FCA2AD01}"
EndProject
Project("{FAE04EC0-301F-11D3-BF4B-00C04F79EFBC}") = "ContactsAPI", "ContactsAPI\ContactsAPI.csproj", "{FB99CE2C-E59A-4407-95AB-5812D5302C3D}"
EndProject
Global
	GlobalSection(SolutionConfigurationPlatforms) = preSolution
		Debug|Any CPU = Debug|Any CPU
		Release|Any CPU = Release|Any CPU
	EndGlobalSection
	GlobalSection(ProjectConfigurationPlatforms) = postSolution
		{4DD0A9DE-A6CA-4142-827F-5963FCA2AD01}.Debug|Any CPU.ActiveCfg = Debug|Any CPU
		{4DD0A9DE-A6CA-4142-827F-5963FCA2AD01}.Debug|Any CPU.Build.0 = Debug|Any CPU
		{4DD0A9DE-A6CA-4142-827F-5963FCA2AD01}.Release|Any CPU.ActiveCfg = Release|Any CPU
		{4DD0A9DE-A6CA-4142-827F-5963FCA2AD01}.Release|Any CPU.Build.0 = Release|Any CPU
		{FB99CE2C-E59A-4407-95AB-5812D5302C3D}.Debug|Any CPU.ActiveCfg = Debug|Any CPU
		{FB99CE2C-E59A-4407-95AB-5812D5302C3D}.Debug|Any CPU.Build.0 = Debug|Any CPU
		{FB99CE2C-E59A-4407-95AB-5812D5302C3D}.Release|Any CPU.ActiveCfg = Release|Any CPU
		{FB99CE2C-E59A-4407-95AB-5812D5302C3D}.Release|Any CPU.Build.0 = Release|Any CPU
	EndGlobalSection
	GlobalSection(SolutionProperties) = preSolution
		HideSolutionNode = FALSE
	EndGlobalSection
EndGlobal
